
Microsoft Visual Studio Solution File, Format Version 12.00
Project("{FAE04EC0-301F-11D3-BF4B-00C04F79EFBC}") = "Arion.Theme.Test", "Arion.Theme.Test\Arion.Theme.Test.csproj", "{FC2D013C-138C-410C-88C6-8790C16B9ABB}"
EndProject
Project("{FAE04EC0-301F-11D3-BF4B-00C04F79EFBC}") = "Arion.Theme", "Arion.Theme\Arion.Theme.csproj", "{B3327E45-C915-4A22-A9E1-90DB0C6B47A4}"
EndProject
Global
	GlobalSection(SolutionConfigurationPlatforms) = preSolution
		Debug|Any CPU = Debug|Any CPU
		Release|Any CPU = Release|Any CPU
	EndGlobalSection
	GlobalSection(ProjectConfigurationPlatforms) = postSolution
		{FC2D013C-138C-410C-88C6-8790C16B9ABB}.Debug|Any CPU.ActiveCfg = Debug|Any CPU
		{FC2D013C-138C-410C-88C6-8790C16B9ABB}.Debug|Any CPU.Build.0 = Debug|Any CPU
		{FC2D013C-138C-410C-88C6-8790C16B9ABB}.Release|Any CPU.ActiveCfg = Release|Any CPU
		{FC2D013C-138C-410C-88C6-8790C16B9ABB}.Release|Any CPU.Build.0 = Release|Any CPU
		{B3327E45-C915-4A22-A9E1-90DB0C6B47A4}.Debug|Any CPU.ActiveCfg = Debug|Any CPU
		{B3327E45-C915-4A22-A9E1-90DB0C6B47A4}.Debug|Any CPU.Build.0 = Debug|Any CPU
		{B3327E45-C915-4A22-A9E1-90DB0C6B47A4}.Release|Any CPU.ActiveCfg = Release|Any CPU
		{B3327E45-C915-4A22-A9E1-90DB0C6B47A4}.Release|Any CPU.Build.0 = Release|Any CPU
	EndGlobalSection
EndGlobal
